
Microsoft Visual Studio Solution File, Format Version 12.00
# Visual Studio Version 17
VisualStudioVersion = 17.6.33801.468
MinimumVisualStudioVersion = 10.0.40219.1
Project("{FAE04EC0-301F-11D3-BF4B-00C04F79EFBC}") = "StringMaker_Ritola", "StringMaker_Ritola\StringMaker_Ritola.csproj", "{7A7414C2-5157-41F4-A2D3-EEE909684CCA}"
EndProject
Global
	GlobalSection(SolutionConfigurationPlatforms) = preSolution
		Debug|Any CPU = Debug|Any CPU
		Release|Any CPU = Release|Any CPU
	EndGlobalSection
	GlobalSection(ProjectConfigurationPlatforms) = postSolution
		{7A7414C2-5157-41F4-A2D3-EEE909684CCA}.Debug|Any CPU.ActiveCfg = Debug|Any CPU
		{7A7414C2-5157-41F4-A2D3-EEE909684CCA}.Debug|Any CPU.Build.0 = Debug|Any CPU
		{7A7414C2-5157-41F4-A2D3-EEE909684CCA}.Release|Any CPU.ActiveCfg = Release|Any CPU
		{7A7414C2-5157-41F4-A2D3-EEE909684CCA}.Release|Any CPU.Build.0 = Release|Any CPU
	EndGlobalSection
	GlobalSection(SolutionProperties) = preSolution
		HideSolutionNode = FALSE
	EndGlobalSection
	GlobalSection(ExtensibilityGlobals) = postSolution
		SolutionGuid = {C5300684-CD11-4AD4-8571-F58AA7E3C573}
	EndGlobalSection
EndGlobal
